<?xml version="1.0" encoding="utf-8"?>
<Project ToolsVersion="4.0" xmlns="http://schemas.microsoft.com/developer/msbuild/2003">
  <ItemGroup>
    <ClCompile Include="main.cpp" />
    <ClCompile Include="Entity.cpp">
      <Filter>Entity</Filter>
    </ClCompile>
    <ClCompile Include="PlayerEntity.cpp">
      <Filter>Entity</Filter>
    </ClCompile>
    <ClCompile Include="EnemyEntity.cpp">
      <Filter>Entity</Filter>
    </ClCompile>
    <ClCompile Include="BackGroundEntity.cpp">
      <Filter>Entity</Filter>
    </ClCompile>
    <ClCompile Include="ObstacleEntity.cpp">
      <Filter>Entity</Filter>
    </ClCompile>
    <ClCompile Include="World.cpp">
      <Filter>World</Filter>
    </ClCompile>
    <ClCompile Include="Map.cpp" />
    <ClCompile Include="Collectables.cpp">
      <Filter>Entity\Collectables</Filter>
    </ClCompile>
    <ClCompile Include="MoneyCollectable.cpp">
      <Filter>Entity\Collectables</Filter>
    </ClCompile>
    <ClCompile Include="KeyCollectable.cpp">
      <Filter>Entity\Collectables</Filter>
    </ClCompile>
    <ClCompile Include="AmmoCollectable.cpp">
      <Filter>Entity\Collectables</Filter>
    </ClCompile>
    <ClCompile Include="Camera.cpp" />
    <ClCompile Include="MainMenuUi.cpp">
      <Filter>UserInterface</Filter>
    </ClCompile>
  </ItemGroup>
  <ItemGroup>
    <ClInclude Include="Entity.h">
      <Filter>Entity</Filter>
    </ClInclude>
    <ClInclude Include="PlayerEntity.h">
      <Filter>Entity</Filter>
    </ClInclude>
    <ClInclude Include="EnemyEntity.h">
      <Filter>Entity</Filter>
    </ClInclude>
    <ClInclude Include="BackGroundEntity.h">
      <Filter>Entity</Filter>
    </ClInclude>
    <ClInclude Include="ObstacleEntity.h">
      <Filter>Entity</Filter>
    </ClInclude>
    <ClInclude Include="World.h">
      <Filter>World</Filter>
    </ClInclude>
    <ClInclude Include="Map.h" />
    <ClInclude Include="Collectables.h">
      <Filter>Entity\Collectables</Filter>
    </ClInclude>
    <ClInclude Include="MoneyCollectable.h">
      <Filter>Entity\Collectables</Filter>
    </ClInclude>
    <ClInclude Include="KeyCollectable.h">
      <Filter>Entity\Collectables</Filter>
    </ClInclude>
    <ClInclude Include="AmmoCollectable.h">
      <Filter>Entity\Collectables</Filter>
    </ClInclude>
    <ClInclude Include="Camera.h" />
    <ClInclude Include="MainMenuUi.h">
      <Filter>UserInterface</Filter>
    </ClInclude>
  </ItemGroup>
  <ItemGroup>
    <Filter Include="Entity">
      <UniqueIdentifier>{9fa72036-9bff-4655-a952-62c7a46bcaa0}</UniqueIdentifier>
    </Filter>
    <Filter Include="World">
      <UniqueIdentifier>{8528497a-8fdd-4492-bd9a-9069cfbdef33}</UniqueIdentifier>
    </Filter>
    <Filter Include="Entity\Collectables">
      <UniqueIdentifier>{9be1a52a-ef8f-418c-8ca8-234b56085550}</UniqueIdentifier>
    </Filter>
    <Filter Include="UserInterface">
      <UniqueIdentifier>{73f26837-8f5f-46c7-8d3b-2ac2637dee19}</UniqueIdentifier>
    </Filter>
  </ItemGroup>
</Project>